// !$*UTF8*$!
{
	archiveVersion = 1;
	classes = {
	};
	objectVersion = 51;
	objects = {

/* Begin PBXBuildFile section */
		921EAC6923F6E441002754B5 /* CategoryTableViewController.swift in Sources */ = {isa = PBXBuildFile; fileRef = 921EAC6823F6E441002754B5 /* CategoryTableViewController.swift */; };
		921EAC6B23F6F664002754B5 /* Item.swift in Sources */ = {isa = PBXBuildFile; fileRef = 921EAC6A23F6F664002754B5 /* Item.swift */; };
		921EAC6D23F6F66C002754B5 /* Category.swift in Sources */ = {isa = PBXBuildFile; fileRef = 921EAC6C23F6F66C002754B5 /* Category.swift */; };
		92E1122023F4F0AB00931A1A /* AppDelegate.swift in Sources */ = {isa = PBXBuildFile; fileRef = 92E1121F23F4F0AB00931A1A /* AppDelegate.swift */; };
		92E1122223F4F0AB00931A1A /* TodoListViewController.swift in Sources */ = {isa = PBXBuildFile; fileRef = 92E1122123F4F0AB00931A1A /* TodoListViewController.swift */; };
		92E1122523F4F0AB00931A1A /* Main.storyboard in Resources */ = {isa = PBXBuildFile; fileRef = 92E1122323F4F0AB00931A1A /* Main.storyboard */; };
		92E1122723F4F0AC00931A1A /* Assets.xcassets in Resources */ = {isa = PBXBuildFile; fileRef = 92E1122623F4F0AC00931A1A /* Assets.xcassets */; };
		92E1122A23F4F0AC00931A1A /* LaunchScreen.storyboard in Resources */ = {isa = PBXBuildFile; fileRef = 92E1122823F4F0AC00931A1A /* LaunchScreen.storyboard */; };
		F8D4E49C67F198BE0B4FDFBF /* Pods_Todoey.framework in Frameworks */ = {isa = PBXBuildFile; fileRef = B216D1743163BAD3B9AD2FBA /* Pods_Todoey.framework */; };
/* End PBXBuildFile section */

/* Begin PBXFileReference section */
		26BF193801A9019D2E89E192 /* Pods-Todoey.release.xcconfig */ = {isa = PBXFileReference; includeInIndex = 1; lastKnownFileType = text.xcconfig; name = "Pods-Todoey.release.xcconfig"; path = "Target Support Files/Pods-Todoey/Pods-Todoey.release.xcconfig"; sourceTree = "<group>"; };
		8A2BEDF97D534D216BF7FD8D /* Pods-Todoey.debug.xcconfig */ = {isa = PBXFileReference; includeInIndex = 1; lastKnownFileType = text.xcconfig; name = "Pods-Todoey.debug.xcconfig"; path = "Target Support Files/Pods-Todoey/Pods-Todoey.debug.xcconfig"; sourceTree = "<group>"; };
		921EAC6823F6E441002754B5 /* CategoryTableViewController.swift */ = {isa = PBXFileReference; lastKnownFileType = sourcecode.swift; path = CategoryTableViewController.swift; sourceTree = "<group>"; };
		921EAC6A23F6F664002754B5 /* Item.swift */ = {isa = PBXFileReference; lastKnownFileType = sourcecode.swift; path = Item.swift; sourceTree = "<group>"; };
		921EAC6C23F6F66C002754B5 /* Category.swift */ = {isa = PBXFileReference; lastKnownFileType = sourcecode.swift; path = Category.swift; sourceTree = "<group>"; };
		92E1121C23F4F0AB00931A1A /* Todoey.app */ = {isa = PBXFileReference; explicitFileType = wrapper.application; includeInIndex = 0; path = Todoey.app; sourceTree = BUILT_PRODUCTS_DIR; };
		92E1121F23F4F0AB00931A1A /* AppDelegate.swift */ = {isa = PBXFileReference; lastKnownFileType = sourcecode.swift; path = AppDelegate.swift; sourceTree = "<group>"; };
		92E1122123F4F0AB00931A1A /* TodoListViewController.swift */ = {isa = PBXFileReference; lastKnownFileType = sourcecode.swift; path = TodoListViewController.swift; sourceTree = "<group>"; };
		92E1122423F4F0AB00931A1A /* Base */ = {isa = PBXFileReference; lastKnownFileType = file.storyboard; name = Base; path = Base.lproj/Main.storyboard; sourceTree = "<group>"; };
		92E1122623F4F0AC00931A1A /* Assets.xcassets */ = {isa = PBXFileReference; lastKnownFileType = folder.assetcatalog; path = Assets.xcassets; sourceTree = "<group>"; };
		92E1122923F4F0AC00931A1A /* Base */ = {isa = PBXFileReference; lastKnownFileType = file.storyboard; name = Base; path = Base.lproj/LaunchScreen.storyboard; sourceTree = "<group>"; };
		92E1122B23F4F0AC00931A1A /* Info.plist */ = {isa = PBXFileReference; lastKnownFileType = text.plist.xml; path = Info.plist; sourceTree = "<group>"; };
		B216D1743163BAD3B9AD2FBA /* Pods_Todoey.framework */ = {isa = PBXFileReference; explicitFileType = wrapper.framework; includeInIndex = 0; path = Pods_Todoey.framework; sourceTree = BUILT_PRODUCTS_DIR; };
/* End PBXFileReference section */

/* Begin PBXFrameworksBuildPhase section */
		92E1121923F4F0AB00931A1A /* Frameworks */ = {
			isa = PBXFrameworksBuildPhase;
			buildActionMask = 2147483647;
			files = (
				F8D4E49C67F198BE0B4FDFBF /* Pods_Todoey.framework in Frameworks */,
			);
			runOnlyForDeploymentPostprocessing = 0;
		};
/* End PBXFrameworksBuildPhase section */

/* Begin PBXGroup section */
		343BC31E7BC52F22CDAF946A /* Frameworks */ = {
			isa = PBXGroup;
			children = (
				B216D1743163BAD3B9AD2FBA /* Pods_Todoey.framework */,
			);
			name = Frameworks;
			sourceTree = "<group>";
		};
		921EAC6223F6CC83002754B5 /* Data Model */ = {
			isa = PBXGroup;
			children = (
				921EAC6A23F6F664002754B5 /* Item.swift */,
				921EAC6C23F6F66C002754B5 /* Category.swift */,
			);
			path = "Data Model";
			sourceTree = "<group>";
		};
		921EAC6323F6CCC2002754B5 /* Controllers */ = {
			isa = PBXGroup;
			children = (
				921EAC6823F6E441002754B5 /* CategoryTableViewController.swift */,
				92E1122123F4F0AB00931A1A /* TodoListViewController.swift */,
			);
			path = Controllers;
			sourceTree = "<group>";
		};
		921EAC6423F6CCCE002754B5 /* Views */ = {
			isa = PBXGroup;
			children = (
				92E1122323F4F0AB00931A1A /* Main.storyboard */,
			);
			path = Views;
			sourceTree = "<group>";
		};
		921EAC6523F6CCD8002754B5 /* Supporting Files */ = {
			isa = PBXGroup;
			children = (
				92E1122623F4F0AC00931A1A /* Assets.xcassets */,
				92E1122823F4F0AC00931A1A /* LaunchScreen.storyboard */,
			);
			path = "Supporting Files";
			sourceTree = "<group>";
		};
		92E1121323F4F0AB00931A1A = {
			isa = PBXGroup;
			children = (
				92E1121E23F4F0AB00931A1A /* Todoey */,
				92E1121D23F4F0AB00931A1A /* Products */,
				9FE7FC5B2894D2DEA6510545 /* Pods */,
				343BC31E7BC52F22CDAF946A /* Frameworks */,
			);
			sourceTree = "<group>";
		};
		92E1121D23F4F0AB00931A1A /* Products */ = {
			isa = PBXGroup;
			children = (
				92E1121C23F4F0AB00931A1A /* Todoey.app */,
			);
			name = Products;
			sourceTree = "<group>";
		};
		92E1121E23F4F0AB00931A1A /* Todoey */ = {
			isa = PBXGroup;
			children = (
				92E1121F23F4F0AB00931A1A /* AppDelegate.swift */,
				921EAC6323F6CCC2002754B5 /* Controllers */,
				921EAC6223F6CC83002754B5 /* Data Model */,
				921EAC6423F6CCCE002754B5 /* Views */,
				921EAC6523F6CCD8002754B5 /* Supporting Files */,
				92E1122B23F4F0AC00931A1A /* Info.plist */,
			);
			path = Todoey;
			sourceTree = "<group>";
		};
		9FE7FC5B2894D2DEA6510545 /* Pods */ = {
			isa = PBXGroup;
			children = (
				8A2BEDF97D534D216BF7FD8D /* Pods-Todoey.debug.xcconfig */,
				26BF193801A9019D2E89E192 /* Pods-Todoey.release.xcconfig */,
			);
			path = Pods;
			sourceTree = "<group>";
		};
/* End PBXGroup section */

/* Begin PBXNativeTarget section */
		92E1121B23F4F0AB00931A1A /* Todoey */ = {
			isa = PBXNativeTarget;
			buildConfigurationList = 92E1122E23F4F0AC00931A1A /* Build configuration list for PBXNativeTarget "Todoey" */;
			buildPhases = (
				6BFC40B9D2FEB0913318D068 /* [CP] Check Pods Manifest.lock */,
				92E1121823F4F0AB00931A1A /* Sources */,
				92E1121923F4F0AB00931A1A /* Frameworks */,
				92E1121A23F4F0AB00931A1A /* Resources */,
				AB76B3F97A207AE9454ED1AB /* [CP] Embed Pods Frameworks */,
			);
			buildRules = (
			);
			dependencies = (
			);
			name = Todoey;
			productName = Todoey;
			productReference = 92E1121C23F4F0AB00931A1A /* Todoey.app */;
			productType = "com.apple.product-type.application";
		};
/* End PBXNativeTarget section */

/* Begin PBXProject section */
		92E1121423F4F0AB00931A1A /* Project object */ = {
			isa = PBXProject;
			attributes = {
				LastSwiftUpdateCheck = 1030;
				LastUpgradeCheck = 1030;
				ORGANIZATIONNAME = "Char Shu Kai";
				TargetAttributes = {
					92E1121B23F4F0AB00931A1A = {
						CreatedOnToolsVersion = 10.3;
					};
				};
			};
			buildConfigurationList = 92E1121723F4F0AB00931A1A /* Build configuration list for PBXProject "Todoey" */;
			compatibilityVersion = "Xcode 9.3";
			developmentRegion = en;
			hasScannedForEncodings = 0;
			knownRegions = (
				en,
				Base,
			);
			mainGroup = 92E1121323F4F0AB00931A1A;
			productRefGroup = 92E1121D23F4F0AB00931A1A /* Products */;
			projectDirPath = "";
			projectRoot = "";
			targets = (
				92E1121B23F4F0AB00931A1A /* Todoey */,
			);
		};
/* End PBXProject section */

/* Begin PBXResourcesBuildPhase section */
		92E1121A23F4F0AB00931A1A /* Resources */ = {
			isa = PBXResourcesBuildPhase;
			buildActionMask = 2147483647;
			files = (
				92E1122A23F4F0AC00931A1A /* LaunchScreen.storyboard in Resources */,
				92E1122723F4F0AC00931A1A /* Assets.xcassets in Resources */,
				92E1122523F4F0AB00931A1A /* Main.storyboard in Resources */,
			);
			runOnlyForDeploymentPostprocessing = 0;
		};
/* End PBXResourcesBuildPhase section */

/* Begin PBXShellScriptBuildPhase section */
		6BFC40B9D2FEB0913318D068 /* [CP] Check Pods Manifest.lock */ = {
			isa = PBXShellScriptBuildPhase;
			buildActionMask = 2147483647;
			files = (
			);
			inputFileListPaths = (
			);
			inputPaths = (
				"${PODS_PODFILE_DIR_PATH}/Podfile.lock",
				"${PODS_ROOT}/Manifest.lock",
			);
			name = "[CP] Check Pods Manifest.lock";
			outputFileListPaths = (
			);
			outputPaths = (
				"$(DERIVED_FILE_DIR)/Pods-Todoey-checkManifestLockResult.txt",
			);
			runOnlyForDeploymentPostprocessing = 0;
			shellPath = /bin/sh;
			shellScript = "diff \"${PODS_PODFILE_DIR_PATH}/Podfile.lock\" \"${PODS_ROOT}/Manifest.lock\" > /dev/null\nif [ $? != 0 ] ; then\n    # print error to STDERR\n    echo \"error: The sandbox is not in sync with the Podfile.lock. Run 'pod install' or update your CocoaPods installation.\" >&2\n    exit 1\nfi\n# This output is used by Xcode 'outputs' to avoid re-running this script phase.\necho \"SUCCESS\" > \"${SCRIPT_OUTPUT_FILE_0}\"\n";
			showEnvVarsInLog = 0;
		};
		AB76B3F97A207AE9454ED1AB /* [CP] Embed Pods Frameworks */ = {
			isa = PBXShellScriptBuildPhase;
			buildActionMask = 2147483647;
			files = (
			);
			inputFileListPaths = (
				"${PODS_ROOT}/Target Support Files/Pods-Todoey/Pods-Todoey-frameworks-${CONFIGURATION}-input-files.xcfilelist",
			);
			name = "[CP] Embed Pods Frameworks";
			outputFileListPaths = (
				"${PODS_ROOT}/Target Support Files/Pods-Todoey/Pods-Todoey-frameworks-${CONFIGURATION}-output-files.xcfilelist",
			);
			runOnlyForDeploymentPostprocessing = 0;
			shellPath = /bin/sh;
			shellScript = "\"${PODS_ROOT}/Target Support Files/Pods-Todoey/Pods-Todoey-frameworks.sh\"\n";
			showEnvVarsInLog = 0;
		};
/* End PBXShellScriptBuildPhase section */

/* Begin PBXSourcesBuildPhase section */
		92E1121823F4F0AB00931A1A /* Sources */ = {
			isa = PBXSourcesBuildPhase;
			buildActionMask = 2147483647;
			files = (
				921EAC6B23F6F664002754B5 /* Item.swift in Sources */,
				921EAC6D23F6F66C002754B5 /* Category.swift in Sources */,
				92E1122223F4F0AB00931A1A /* TodoListViewController.swift in Sources */,
				92E1122023F4F0AB00931A1A /* AppDelegate.swift in Sources */,
				921EAC6923F6E441002754B5 /* CategoryTableViewController.swift in Sources */,
			);
			runOnlyForDeploymentPostprocessing = 0;
		};
/* End PBXSourcesBuildPhase section */

/* Begin PBXVariantGroup section */
		92E1122323F4F0AB00931A1A /* Main.storyboard */ = {
			isa = PBXVariantGroup;
			children = (
				92E1122423F4F0AB00931A1A /* Base */,
			);
			name = Main.storyboard;
			sourceTree = "<group>";
		};
		92E1122823F4F0AC00931A1A /* LaunchScreen.storyboard */ = {
			isa = PBXVariantGroup;
			children = (
				92E1122923F4F0AC00931A1A /* Base */,
			);
			name = LaunchScreen.storyboard;
			sourceTree = "<group>";
		};
/* End PBXVariantGroup section */

/* Begin XCBuildConfiguration section */
		92E1122C23F4F0AC00931A1A /* Debug */ = {
			isa = XCBuildConfiguration;
			buildSettings = {
				ALWAYS_SEARCH_USER_PATHS = NO;
				CLANG_ANALYZER_NONNULL = YES;
				CLANG_ANALYZER_NUMBER_OBJECT_CONVERSION = YES_AGGRESSIVE;
				CLANG_CXX_LANGUAGE_STANDARD = "gnu++14";
				CLANG_CXX_LIBRARY = "libc++";
				CLANG_ENABLE_MODULES = YES;
				CLANG_ENABLE_OBJC_ARC = YES;
				CLANG_ENABLE_OBJC_WEAK = YES;
				CLANG_WARN_BLOCK_CAPTURE_AUTORELEASING = YES;
				CLANG_WARN_BOOL_CONVERSION = YES;
				CLANG_WARN_COMMA = YES;
				CLANG_WARN_CONSTANT_CONVERSION = YES;
				CLANG_WARN_DEPRECATED_OBJC_IMPLEMENTATIONS = YES;
				CLANG_WARN_DIRECT_OBJC_ISA_USAGE = YES_ERROR;
				CLANG_WARN_DOCUMENTATION_COMMENTS = YES;
				CLANG_WARN_EMPTY_BODY = YES;
				CLANG_WARN_ENUM_CONVERSION = YES;
				CLANG_WARN_INFINITE_RECURSION = YES;
				CLANG_WARN_INT_CONVERSION = YES;
				CLANG_WARN_NON_LITERAL_NULL_CONVERSION = YES;
				CLANG_WARN_OBJC_IMPLICIT_RETAIN_SELF = YES;
				CLANG_WARN_OBJC_LITERAL_CONVERSION = YES;
				CLANG_WARN_OBJC_ROOT_CLASS = YES_ERROR;
				CLANG_WARN_RANGE_LOOP_ANALYSIS = YES;
				CLANG_WARN_STRICT_PROTOTYPES = YES;
				CLANG_WARN_SUSPICIOUS_MOVE = YES;
				CLANG_WARN_UNGUARDED_AVAILABILITY = YES_AGGRESSIVE;
				CLANG_WARN_UNREACHABLE_CODE = YES;
				CLANG_WARN__DUPLICATE_METHOD_MATCH = YES;
				CODE_SIGN_IDENTITY = "iPhone Developer";
				COPY_PHASE_STRIP = NO;
				DEBUG_INFORMATION_FORMAT = dwarf;
				ENABLE_STRICT_OBJC_MSGSEND = YES;
				ENABLE_TESTABILITY = YES;
				GCC_C_LANGUAGE_STANDARD = gnu11;
				GCC_DYNAMIC_NO_PIC = NO;
				GCC_NO_COMMON_BLOCKS = YES;
				GCC_OPTIMIZATION_LEVEL = 0;
				GCC_PREPROCESSOR_DEFINITIONS = (
					"DEBUG=1",
					"$(inherited)",
				);
				GCC_WARN_64_TO_32_BIT_CONVERSION = YES;
				GCC_WARN_ABOUT_RETURN_TYPE = YES_ERROR;
				GCC_WARN_UNDECLARED_SELECTOR = YES;
				GCC_WARN_UNINITIALIZED_AUTOS = YES_AGGRESSIVE;
				GCC_WARN_UNUSED_FUNCTION = YES;
				GCC_WARN_UNUSED_VARIABLE = YES;
				IPHONEOS_DEPLOYMENT_TARGET = 12.4;
				MTL_ENABLE_DEBUG_INFO = INCLUDE_SOURCE;
				MTL_FAST_MATH = YES;
				ONLY_ACTIVE_ARCH = YES;
				SDKROOT = iphoneos;
				SWIFT_ACTIVE_COMPILATION_CONDITIONS = DEBUG;
				SWIFT_OPTIMIZATION_LEVEL = "-Onone";
			};
			name = Debug;
		};
		92E1122D23F4F0AC00931A1A /* Release */ = {
			isa = XCBuildConfiguration;
			buildSettings = {
				ALWAYS_SEARCH_USER_PATHS = NO;
				CLANG_ANALYZER_NONNULL = YES;
				CLANG_ANALYZER_NUMBER_OBJECT_CONVERSION = YES_AGGRESSIVE;
				CLANG_CXX_LANGUAGE_STANDARD = "gnu++14";
				CLANG_CXX_LIBRARY = "libc++";
				CLANG_ENABLE_MODULES = YES;
				CLANG_ENABLE_OBJC_ARC = YES;
				CLANG_ENABLE_OBJC_WEAK = YES;
				CLANG_WARN_BLOCK_CAPTURE_AUTORELEASING = YES;
				CLANG_WARN_BOOL_CONVERSION = YES;
				CLANG_WARN_COMMA = YES;
				CLANG_WARN_CONSTANT_CONVERSION = YES;
				CLANG_WARN_DEPRECATED_OBJC_IMPLEMENTATIONS = YES;
				CLANG_WARN_DIRECT_OBJC_ISA_USAGE = YES_ERROR;
				CLANG_WARN_DOCUMENTATION_COMMENTS = YES;
				CLANG_WARN_EMPTY_BODY = YES;
				CLANG_WARN_ENUM_CONVERSION = YES;
				CLANG_WARN_INFINITE_RECURSION = YES;
				CLANG_WARN_INT_CONVERSION = YES;
				CLANG_WARN_NON_LITERAL_NULL_CONVERSION = YES;
				CLANG_WARN_OBJC_IMPLICIT_RETAIN_SELF = YES;
				CLANG_WARN_OBJC_LITERAL_CONVERSION = YES;
				CLANG_WARN_OBJC_ROOT_CLASS = YES_ERROR;
				CLANG_WARN_RANGE_LOOP_ANALYSIS = YES;
				CLANG_WARN_STRICT_PROTOTYPES = YES;
				CLANG_WARN_SUSPICIOUS_MOVE = YES;
				CLANG_WARN_UNGUARDED_AVAILABILITY = YES_AGGRESSIVE;
				CLANG_WARN_UNREACHABLE_CODE = YES;
				CLANG_WARN__DUPLICATE_METHOD_MATCH = YES;
				CODE_SIGN_IDENTITY = "iPhone Developer";
				COPY_PHASE_STRIP = NO;
				DEBUG_INFORMATION_FORMAT = "dwarf-with-dsym";
				ENABLE_NS_ASSERTIONS = NO;
				ENABLE_STRICT_OBJC_MSGSEND = YES;
				GCC_C_LANGUAGE_STANDARD = gnu11;
				GCC_NO_COMMON_BLOCKS = YES;
				GCC_WARN_64_TO_32_BIT_CONVERSION = YES;
				GCC_WARN_ABOUT_RETURN_TYPE = YES_ERROR;
				GCC_WARN_UNDECLARED_SELECTOR = YES;
				GCC_WARN_UNINITIALIZED_AUTOS = YES_AGGRESSIVE;
				GCC_WARN_UNUSED_FUNCTION = YES;
				GCC_WARN_UNUSED_VARIABLE = YES;
				IPHONEOS_DEPLOYMENT_TARGET = 12.4;
				MTL_ENABLE_DEBUG_INFO = NO;
				MTL_FAST_MATH = YES;
				SDKROOT = iphoneos;
				SWIFT_COMPILATION_MODE = wholemodule;
				SWIFT_OPTIMIZATION_LEVEL = "-O";
				VALIDATE_PRODUCT = YES;
			};
			name = Release;
		};
		92E1122F23F4F0AC00931A1A /* Debug */ = {
			isa = XCBuildConfiguration;
			baseConfigurationReference = 8A2BEDF97D534D216BF7FD8D /* Pods-Todoey.debug.xcconfig */;
			buildSettings = {
				ASSETCATALOG_COMPILER_APPICON_NAME = AppIcon;
				CODE_SIGN_STYLE = Automatic;
				DEVELOPMENT_TEAM = LNTW8YM845;
				INFOPLIST_FILE = Todoey/Info.plist;
				LD_RUNPATH_SEARCH_PATHS = (
					"$(inherited)",
					"@executable_path/Frameworks",
				);
				PRODUCT_BUNDLE_IDENTIFIER = net.kevhome.Todoey;
				PRODUCT_NAME = "$(TARGET_NAME)";
				SWIFT_VERSION = 5.0;
				TARGETED_DEVICE_FAMILY = "1,2";
			};
			name = Debug;
		};
		92E1123023F4F0AC00931A1A /* Release */ = {
			isa = XCBuildConfiguration;
			baseConfigurationReference = 26BF193801A9019D2E89E192 /* Pods-Todoey.release.xcconfig */;
			buildSettings = {
				ASSETCATALOG_COMPILER_APPICON_NAME = AppIcon;
				CODE_SIGN_STYLE = Automatic;
				DEVELOPMENT_TEAM = LNTW8YM845;
				INFOPLIST_FILE = Todoey/Info.plist;
				LD_RUNPATH_SEARCH_PATHS = (
					"$(inherited)",
					"@executable_path/Frameworks",
				);
				PRODUCT_BUNDLE_IDENTIFIER = net.kevhome.Todoey;
				PRODUCT_NAME = "$(TARGET_NAME)";
				SWIFT_VERSION = 5.0;
				TARGETED_DEVICE_FAMILY = "1,2";
			};
			name = Release;
		};
/* End XCBuildConfiguration section */

/* Begin XCConfigurationList section */
		92E1121723F4F0AB00931A1A /* Build configuration list for PBXProject "Todoey" */ = {
			isa = XCConfigurationList;
			buildConfigurations = (
				92E1122C23F4F0AC00931A1A /* Debug */,
				92E1122D23F4F0AC00931A1A /* Release */,
			);
			defaultConfigurationIsVisible = 0;
			defaultConfigurationName = Release;
		};
		92E1122E23F4F0AC00931A1A /* Build configuration list for PBXNativeTarget "Todoey" */ = {
			isa = XCConfigurationList;
			buildConfigurations = (
				92E1122F23F4F0AC00931A1A /* Debug */,
				92E1123023F4F0AC00931A1A /* Release */,
			);
			defaultConfigurationIsVisible = 0;
			defaultConfigurationName = Release;
		};
/* End XCConfigurationList section */
	};
	rootObject = 92E1121423F4F0AB00931A1A /* Project object */;
}
